
Microsoft Visual Studio Solution File, Format Version 12.00
# Visual Studio Version 17
VisualStudioVersion = 17.4.33205.214
MinimumVisualStudioVersion = 10.0.40219.1
Project("{FAE04EC0-301F-11D3-BF4B-00C04F79EFBC}") = "BDO.Plugin", "Plugin\BDO.Plugin.csproj", "{83997F87-9EE0-4401-B0A9-361116B5F86B}"
EndProject
Global
	GlobalSection(SolutionConfigurationPlatforms) = preSolution
		Debug|Any CPU = Debug|Any CPU
		Release|Any CPU = Release|Any CPU
	EndGlobalSection
	GlobalSection(ProjectConfigurationPlatforms) = postSolution
		{83997F87-9EE0-4401-B0A9-361116B5F86B}.Debug|Any CPU.ActiveCfg = Debug|Any CPU
		{83997F87-9EE0-4401-B0A9-361116B5F86B}.Debug|Any CPU.Build.0 = Debug|Any CPU
		{83997F87-9EE0-4401-B0A9-361116B5F86B}.Release|Any CPU.ActiveCfg = Release|Any CPU
		{83997F87-9EE0-4401-B0A9-361116B5F86B}.Release|Any CPU.Build.0 = Release|Any CPU
	EndGlobalSection
	GlobalSection(SolutionProperties) = preSolution
		HideSolutionNode = FALSE
	EndGlobalSection
	GlobalSection(ExtensibilityGlobals) = postSolution
		SolutionGuid = {1E478410-B331-4E42-8B9D-296E7ABCE4E5}
	EndGlobalSection
EndGlobal
